// !$*UTF8*$!
{
	archiveVersion = 1;
	classes = {
	};
	objectVersion = 55;
	objects = {

/* Begin PBXBuildFile section */
		BC775895283D533F00A228D8 /* TouchdownApp.swift in Sources */ = {isa = PBXBuildFile; fileRef = BC775894283D533F00A228D8 /* TouchdownApp.swift */; };
		BC775897283D533F00A228D8 /* ContentView.swift in Sources */ = {isa = PBXBuildFile; fileRef = BC775896283D533F00A228D8 /* ContentView.swift */; };
		BC775899283D534000A228D8 /* Assets.xcassets in Resources */ = {isa = PBXBuildFile; fileRef = BC775898283D534000A228D8 /* Assets.xcassets */; };
		BC77589C283D534000A228D8 /* Preview Assets.xcassets in Resources */ = {isa = PBXBuildFile; fileRef = BC77589B283D534000A228D8 /* Preview Assets.xcassets */; };
		BC7758A6283D546100A228D8 /* category.json in Resources */ = {isa = PBXBuildFile; fileRef = BC7758A2283D546100A228D8 /* category.json */; };
		BC7758A7283D546100A228D8 /* player.json in Resources */ = {isa = PBXBuildFile; fileRef = BC7758A3283D546100A228D8 /* player.json */; };
		BC7758A8283D546100A228D8 /* product.json in Resources */ = {isa = PBXBuildFile; fileRef = BC7758A4283D546100A228D8 /* product.json */; };
		BC7758A9283D546100A228D8 /* brand.json in Resources */ = {isa = PBXBuildFile; fileRef = BC7758A5283D546100A228D8 /* brand.json */; };
		BC7758B4283D563100A228D8 /* Constant.swift in Sources */ = {isa = PBXBuildFile; fileRef = BC7758B3283D563100A228D8 /* Constant.swift */; };
		BC7758B6283D56F500A228D8 /* FooterView.swift in Sources */ = {isa = PBXBuildFile; fileRef = BC7758B5283D56F500A228D8 /* FooterView.swift */; };
		BC7758B8283D59C400A228D8 /* NavigationBarView.swift in Sources */ = {isa = PBXBuildFile; fileRef = BC7758B7283D59C400A228D8 /* NavigationBarView.swift */; };
		BC7758BA283D5B2300A228D8 /* LogoView.swift in Sources */ = {isa = PBXBuildFile; fileRef = BC7758B9283D5B2300A228D8 /* LogoView.swift */; };
		BC7758BC283D610300A228D8 /* PlayerModel.swift in Sources */ = {isa = PBXBuildFile; fileRef = BC7758BB283D610300A228D8 /* PlayerModel.swift */; };
		BC7758BE283D613700A228D8 /* CodableBundleExtension.swift in Sources */ = {isa = PBXBuildFile; fileRef = BC7758BD283D613700A228D8 /* CodableBundleExtension.swift */; };
		BC7758C2283D655500A228D8 /* FeaturedTabView.swift in Sources */ = {isa = PBXBuildFile; fileRef = BC7758C1283D655500A228D8 /* FeaturedTabView.swift */; };
		BC7758C4283D660C00A228D8 /* FeaturedItemView.swift in Sources */ = {isa = PBXBuildFile; fileRef = BC7758C3283D660C00A228D8 /* FeaturedItemView.swift */; };
		BC7758C6283D704200A228D8 /* CategoryModel.swift in Sources */ = {isa = PBXBuildFile; fileRef = BC7758C5283D704200A228D8 /* CategoryModel.swift */; };
		BC7758C8283D714600A228D8 /* CategoryItemView.swift in Sources */ = {isa = PBXBuildFile; fileRef = BC7758C7283D714600A228D8 /* CategoryItemView.swift */; };
		BC7758CA283D743500A228D8 /* CategoryGridView.swift in Sources */ = {isa = PBXBuildFile; fileRef = BC7758C9283D743500A228D8 /* CategoryGridView.swift */; };
		BC7758CC283D75A600A228D8 /* SectionView.swift in Sources */ = {isa = PBXBuildFile; fileRef = BC7758CB283D75A600A228D8 /* SectionView.swift */; };
		BC7758CE283D7A7700A228D8 /* TitleView.swift in Sources */ = {isa = PBXBuildFile; fileRef = BC7758CD283D7A7700A228D8 /* TitleView.swift */; };
		BC7758D2283D7BE700A228D8 /* ProductModel.swift in Sources */ = {isa = PBXBuildFile; fileRef = BC7758D1283D7BE700A228D8 /* ProductModel.swift */; };
		BC7758D4283D7C6500A228D8 /* ProductItemView.swift in Sources */ = {isa = PBXBuildFile; fileRef = BC7758D3283D7C6500A228D8 /* ProductItemView.swift */; };
		BC7758D6283D7F7500A228D8 /* BrandModel.swift in Sources */ = {isa = PBXBuildFile; fileRef = BC7758D5283D7F7500A228D8 /* BrandModel.swift */; };
		BC7758D8283D7FC900A228D8 /* BrandItemView.swift in Sources */ = {isa = PBXBuildFile; fileRef = BC7758D7283D7FC900A228D8 /* BrandItemView.swift */; };
		BC7758DA283D807E00A228D8 /* BrandGridView.swift in Sources */ = {isa = PBXBuildFile; fileRef = BC7758D9283D807E00A228D8 /* BrandGridView.swift */; };
/* End PBXBuildFile section */

/* Begin PBXFileReference section */
		BC775891283D533F00A228D8 /* Touchdown.app */ = {isa = PBXFileReference; explicitFileType = wrapper.application; includeInIndex = 0; path = Touchdown.app; sourceTree = BUILT_PRODUCTS_DIR; };
		BC775894283D533F00A228D8 /* TouchdownApp.swift */ = {isa = PBXFileReference; lastKnownFileType = sourcecode.swift; path = TouchdownApp.swift; sourceTree = "<group>"; };
		BC775896283D533F00A228D8 /* ContentView.swift */ = {isa = PBXFileReference; lastKnownFileType = sourcecode.swift; path = ContentView.swift; sourceTree = "<group>"; };
		BC775898283D534000A228D8 /* Assets.xcassets */ = {isa = PBXFileReference; lastKnownFileType = folder.assetcatalog; path = Assets.xcassets; sourceTree = "<group>"; };
		BC77589B283D534000A228D8 /* Preview Assets.xcassets */ = {isa = PBXFileReference; lastKnownFileType = folder.assetcatalog; path = "Preview Assets.xcassets"; sourceTree = "<group>"; };
		BC7758A2283D546100A228D8 /* category.json */ = {isa = PBXFileReference; fileEncoding = 4; lastKnownFileType = text.json; path = category.json; sourceTree = "<group>"; };
		BC7758A3283D546100A228D8 /* player.json */ = {isa = PBXFileReference; fileEncoding = 4; lastKnownFileType = text.json; path = player.json; sourceTree = "<group>"; };
		BC7758A4283D546100A228D8 /* product.json */ = {isa = PBXFileReference; fileEncoding = 4; lastKnownFileType = text.json; path = product.json; sourceTree = "<group>"; };
		BC7758A5283D546100A228D8 /* brand.json */ = {isa = PBXFileReference; fileEncoding = 4; lastKnownFileType = text.json; path = brand.json; sourceTree = "<group>"; };
		BC7758AB283D54BD00A228D8 /* Info.plist */ = {isa = PBXFileReference; lastKnownFileType = text.plist; path = Info.plist; sourceTree = "<group>"; };
		BC7758B3283D563100A228D8 /* Constant.swift */ = {isa = PBXFileReference; lastKnownFileType = sourcecode.swift; path = Constant.swift; sourceTree = "<group>"; };
		BC7758B5283D56F500A228D8 /* FooterView.swift */ = {isa = PBXFileReference; lastKnownFileType = sourcecode.swift; path = FooterView.swift; sourceTree = "<group>"; };
		BC7758B7283D59C400A228D8 /* NavigationBarView.swift */ = {isa = PBXFileReference; lastKnownFileType = sourcecode.swift; path = NavigationBarView.swift; sourceTree = "<group>"; };
		BC7758B9283D5B2300A228D8 /* LogoView.swift */ = {isa = PBXFileReference; lastKnownFileType = sourcecode.swift; path = LogoView.swift; sourceTree = "<group>"; };
		BC7758BB283D610300A228D8 /* PlayerModel.swift */ = {isa = PBXFileReference; lastKnownFileType = sourcecode.swift; path = PlayerModel.swift; sourceTree = "<group>"; };
		BC7758BD283D613700A228D8 /* CodableBundleExtension.swift */ = {isa = PBXFileReference; lastKnownFileType = sourcecode.swift; path = CodableBundleExtension.swift; sourceTree = "<group>"; };
		BC7758C1283D655500A228D8 /* FeaturedTabView.swift */ = {isa = PBXFileReference; lastKnownFileType = sourcecode.swift; path = FeaturedTabView.swift; sourceTree = "<group>"; };
		BC7758C3283D660C00A228D8 /* FeaturedItemView.swift */ = {isa = PBXFileReference; lastKnownFileType = sourcecode.swift; path = FeaturedItemView.swift; sourceTree = "<group>"; };
		BC7758C5283D704200A228D8 /* CategoryModel.swift */ = {isa = PBXFileReference; lastKnownFileType = sourcecode.swift; path = CategoryModel.swift; sourceTree = "<group>"; };
		BC7758C7283D714600A228D8 /* CategoryItemView.swift */ = {isa = PBXFileReference; lastKnownFileType = sourcecode.swift; path = CategoryItemView.swift; sourceTree = "<group>"; };
		BC7758C9283D743500A228D8 /* CategoryGridView.swift */ = {isa = PBXFileReference; lastKnownFileType = sourcecode.swift; path = CategoryGridView.swift; sourceTree = "<group>"; };
		BC7758CB283D75A600A228D8 /* SectionView.swift */ = {isa = PBXFileReference; lastKnownFileType = sourcecode.swift; path = SectionView.swift; sourceTree = "<group>"; };
		BC7758CD283D7A7700A228D8 /* TitleView.swift */ = {isa = PBXFileReference; lastKnownFileType = sourcecode.swift; path = TitleView.swift; sourceTree = "<group>"; };
		BC7758D1283D7BE700A228D8 /* ProductModel.swift */ = {isa = PBXFileReference; lastKnownFileType = sourcecode.swift; path = ProductModel.swift; sourceTree = "<group>"; };
		BC7758D3283D7C6500A228D8 /* ProductItemView.swift */ = {isa = PBXFileReference; lastKnownFileType = sourcecode.swift; path = ProductItemView.swift; sourceTree = "<group>"; };
		BC7758D5283D7F7500A228D8 /* BrandModel.swift */ = {isa = PBXFileReference; lastKnownFileType = sourcecode.swift; path = BrandModel.swift; sourceTree = "<group>"; };
		BC7758D7283D7FC900A228D8 /* BrandItemView.swift */ = {isa = PBXFileReference; lastKnownFileType = sourcecode.swift; path = BrandItemView.swift; sourceTree = "<group>"; };
		BC7758D9283D807E00A228D8 /* BrandGridView.swift */ = {isa = PBXFileReference; lastKnownFileType = sourcecode.swift; path = BrandGridView.swift; sourceTree = "<group>"; };
/* End PBXFileReference section */

/* Begin PBXFrameworksBuildPhase section */
		BC77588E283D533F00A228D8 /* Frameworks */ = {
			isa = PBXFrameworksBuildPhase;
			buildActionMask = 2147483647;
			files = (
			);
			runOnlyForDeploymentPostprocessing = 0;
		};
/* End PBXFrameworksBuildPhase section */

/* Begin PBXGroup section */
		BC775888283D533F00A228D8 = {
			isa = PBXGroup;
			children = (
				BC775893283D533F00A228D8 /* Touchdown */,
				BC775892283D533F00A228D8 /* Products */,
			);
			sourceTree = "<group>";
		};
		BC775892283D533F00A228D8 /* Products */ = {
			isa = PBXGroup;
			children = (
				BC775891283D533F00A228D8 /* Touchdown.app */,
			);
			name = Products;
			sourceTree = "<group>";
		};
		BC775893283D533F00A228D8 /* Touchdown */ = {
			isa = PBXGroup;
			children = (
				BC7758AD283D559E00A228D8 /* App */,
				BC7758AC283D559800A228D8 /* View */,
				BC7758B0283D55D500A228D8 /* Model */,
				BC7758AA283D547C00A228D8 /* Data */,
				BC7758B1283D55D800A228D8 /* Extension */,
				BC7758B2283D55DF00A228D8 /* Utility */,
				BC775898283D534000A228D8 /* Assets.xcassets */,
				BC7758AB283D54BD00A228D8 /* Info.plist */,
				BC77589A283D534000A228D8 /* Preview Content */,
			);
			path = Touchdown;
			sourceTree = "<group>";
		};
		BC77589A283D534000A228D8 /* Preview Content */ = {
			isa = PBXGroup;
			children = (
				BC77589B283D534000A228D8 /* Preview Assets.xcassets */,
			);
			path = "Preview Content";
			sourceTree = "<group>";
		};
		BC7758AA283D547C00A228D8 /* Data */ = {
			isa = PBXGroup;
			children = (
				BC7758A5283D546100A228D8 /* brand.json */,
				BC7758A2283D546100A228D8 /* category.json */,
				BC7758A3283D546100A228D8 /* player.json */,
				BC7758A4283D546100A228D8 /* product.json */,
			);
			path = Data;
			sourceTree = "<group>";
		};
		BC7758AC283D559800A228D8 /* View */ = {
			isa = PBXGroup;
			children = (
				BC7758AF283D55CD00A228D8 /* Detail */,
				BC7758AE283D55CA00A228D8 /* Home */,
			);
			path = View;
			sourceTree = "<group>";
		};
		BC7758AD283D559E00A228D8 /* App */ = {
			isa = PBXGroup;
			children = (
				BC775894283D533F00A228D8 /* TouchdownApp.swift */,
				BC775896283D533F00A228D8 /* ContentView.swift */,
			);
			path = App;
			sourceTree = "<group>";
		};
		BC7758AE283D55CA00A228D8 /* Home */ = {
			isa = PBXGroup;
			children = (
				BC7758B5283D56F500A228D8 /* FooterView.swift */,
				BC7758B7283D59C400A228D8 /* NavigationBarView.swift */,
				BC7758B9283D5B2300A228D8 /* LogoView.swift */,
				BC7758C1283D655500A228D8 /* FeaturedTabView.swift */,
				BC7758C3283D660C00A228D8 /* FeaturedItemView.swift */,
				BC7758C7283D714600A228D8 /* CategoryItemView.swift */,
				BC7758C9283D743500A228D8 /* CategoryGridView.swift */,
				BC7758CB283D75A600A228D8 /* SectionView.swift */,
				BC7758CD283D7A7700A228D8 /* TitleView.swift */,
				BC7758D3283D7C6500A228D8 /* ProductItemView.swift */,
				BC7758D7283D7FC900A228D8 /* BrandItemView.swift */,
				BC7758D9283D807E00A228D8 /* BrandGridView.swift */,
			);
			path = Home;
			sourceTree = "<group>";
		};
		BC7758AF283D55CD00A228D8 /* Detail */ = {
			isa = PBXGroup;
			children = (
			);
			path = Detail;
			sourceTree = "<group>";
		};
		BC7758B0283D55D500A228D8 /* Model */ = {
			isa = PBXGroup;
			children = (
				BC7758BB283D610300A228D8 /* PlayerModel.swift */,
				BC7758C5283D704200A228D8 /* CategoryModel.swift */,
				BC7758D1283D7BE700A228D8 /* ProductModel.swift */,
				BC7758D5283D7F7500A228D8 /* BrandModel.swift */,
			);
			path = Model;
			sourceTree = "<group>";
		};
		BC7758B1283D55D800A228D8 /* Extension */ = {
			isa = PBXGroup;
			children = (
				BC7758BD283D613700A228D8 /* CodableBundleExtension.swift */,
			);
			path = Extension;
			sourceTree = "<group>";
		};
		BC7758B2283D55DF00A228D8 /* Utility */ = {
			isa = PBXGroup;
			children = (
				BC7758B3283D563100A228D8 /* Constant.swift */,
			);
			path = Utility;
			sourceTree = "<group>";
		};
/* End PBXGroup section */

/* Begin PBXNativeTarget section */
		BC775890283D533F00A228D8 /* Touchdown */ = {
			isa = PBXNativeTarget;
			buildConfigurationList = BC77589F283D534000A228D8 /* Build configuration list for PBXNativeTarget "Touchdown" */;
			buildPhases = (
				BC77588D283D533F00A228D8 /* Sources */,
				BC77588E283D533F00A228D8 /* Frameworks */,
				BC77588F283D533F00A228D8 /* Resources */,
			);
			buildRules = (
			);
			dependencies = (
			);
			name = Touchdown;
			productName = Touchdown;
			productReference = BC775891283D533F00A228D8 /* Touchdown.app */;
			productType = "com.apple.product-type.application";
		};
/* End PBXNativeTarget section */

/* Begin PBXProject section */
		BC775889283D533F00A228D8 /* Project object */ = {
			isa = PBXProject;
			attributes = {
				BuildIndependentTargetsInParallel = 1;
				LastSwiftUpdateCheck = 1340;
				LastUpgradeCheck = 1340;
				TargetAttributes = {
					BC775890283D533F00A228D8 = {
						CreatedOnToolsVersion = 13.4;
					};
				};
			};
			buildConfigurationList = BC77588C283D533F00A228D8 /* Build configuration list for PBXProject "Touchdown" */;
			compatibilityVersion = "Xcode 13.0";
			developmentRegion = en;
			hasScannedForEncodings = 0;
			knownRegions = (
				en,
				Base,
			);
			mainGroup = BC775888283D533F00A228D8;
			productRefGroup = BC775892283D533F00A228D8 /* Products */;
			projectDirPath = "";
			projectRoot = "";
			targets = (
				BC775890283D533F00A228D8 /* Touchdown */,
			);
		};
/* End PBXProject section */

/* Begin PBXResourcesBuildPhase section */
		BC77588F283D533F00A228D8 /* Resources */ = {
			isa = PBXResourcesBuildPhase;
			buildActionMask = 2147483647;
			files = (
				BC7758A7283D546100A228D8 /* player.json in Resources */,
				BC7758A6283D546100A228D8 /* category.json in Resources */,
				BC77589C283D534000A228D8 /* Preview Assets.xcassets in Resources */,
				BC775899283D534000A228D8 /* Assets.xcassets in Resources */,
				BC7758A8283D546100A228D8 /* product.json in Resources */,
				BC7758A9283D546100A228D8 /* brand.json in Resources */,
			);
			runOnlyForDeploymentPostprocessing = 0;
		};
/* End PBXResourcesBuildPhase section */

/* Begin PBXSourcesBuildPhase section */
		BC77588D283D533F00A228D8 /* Sources */ = {
			isa = PBXSourcesBuildPhase;
			buildActionMask = 2147483647;
			files = (
				BC7758BE283D613700A228D8 /* CodableBundleExtension.swift in Sources */,
				BC775897283D533F00A228D8 /* ContentView.swift in Sources */,
				BC7758BA283D5B2300A228D8 /* LogoView.swift in Sources */,
				BC7758B6283D56F500A228D8 /* FooterView.swift in Sources */,
				BC775895283D533F00A228D8 /* TouchdownApp.swift in Sources */,
				BC7758D4283D7C6500A228D8 /* ProductItemView.swift in Sources */,
				BC7758DA283D807E00A228D8 /* BrandGridView.swift in Sources */,
				BC7758B4283D563100A228D8 /* Constant.swift in Sources */,
				BC7758B8283D59C400A228D8 /* NavigationBarView.swift in Sources */,
				BC7758CA283D743500A228D8 /* CategoryGridView.swift in Sources */,
				BC7758C6283D704200A228D8 /* CategoryModel.swift in Sources */,
				BC7758C4283D660C00A228D8 /* FeaturedItemView.swift in Sources */,
				BC7758CC283D75A600A228D8 /* SectionView.swift in Sources */,
				BC7758D8283D7FC900A228D8 /* BrandItemView.swift in Sources */,
				BC7758C8283D714600A228D8 /* CategoryItemView.swift in Sources */,
				BC7758C2283D655500A228D8 /* FeaturedTabView.swift in Sources */,
				BC7758BC283D610300A228D8 /* PlayerModel.swift in Sources */,
				BC7758D6283D7F7500A228D8 /* BrandModel.swift in Sources */,
				BC7758CE283D7A7700A228D8 /* TitleView.swift in Sources */,
				BC7758D2283D7BE700A228D8 /* ProductModel.swift in Sources */,
			);
			runOnlyForDeploymentPostprocessing = 0;
		};
/* End PBXSourcesBuildPhase section */

/* Begin XCBuildConfiguration section */
		BC77589D283D534000A228D8 /* Debug */ = {
			isa = XCBuildConfiguration;
			buildSettings = {
				ALWAYS_SEARCH_USER_PATHS = NO;
				CLANG_ANALYZER_NONNULL = YES;
				CLANG_ANALYZER_NUMBER_OBJECT_CONVERSION = YES_AGGRESSIVE;
				CLANG_CXX_LANGUAGE_STANDARD = "gnu++17";
				CLANG_ENABLE_MODULES = YES;
				CLANG_ENABLE_OBJC_ARC = YES;
				CLANG_ENABLE_OBJC_WEAK = YES;
				CLANG_WARN_BLOCK_CAPTURE_AUTORELEASING = YES;
				CLANG_WARN_BOOL_CONVERSION = YES;
				CLANG_WARN_COMMA = YES;
				CLANG_WARN_CONSTANT_CONVERSION = YES;
				CLANG_WARN_DEPRECATED_OBJC_IMPLEMENTATIONS = YES;
				CLANG_WARN_DIRECT_OBJC_ISA_USAGE = YES_ERROR;
				CLANG_WARN_DOCUMENTATION_COMMENTS = YES;
				CLANG_WARN_EMPTY_BODY = YES;
				CLANG_WARN_ENUM_CONVERSION = YES;
				CLANG_WARN_INFINITE_RECURSION = YES;
				CLANG_WARN_INT_CONVERSION = YES;
				CLANG_WARN_NON_LITERAL_NULL_CONVERSION = YES;
				CLANG_WARN_OBJC_IMPLICIT_RETAIN_SELF = YES;
				CLANG_WARN_OBJC_LITERAL_CONVERSION = YES;
				CLANG_WARN_OBJC_ROOT_CLASS = YES_ERROR;
				CLANG_WARN_QUOTED_INCLUDE_IN_FRAMEWORK_HEADER = YES;
				CLANG_WARN_RANGE_LOOP_ANALYSIS = YES;
				CLANG_WARN_STRICT_PROTOTYPES = YES;
				CLANG_WARN_SUSPICIOUS_MOVE = YES;
				CLANG_WARN_UNGUARDED_AVAILABILITY = YES_AGGRESSIVE;
				CLANG_WARN_UNREACHABLE_CODE = YES;
				CLANG_WARN__DUPLICATE_METHOD_MATCH = YES;
				COPY_PHASE_STRIP = NO;
				DEBUG_INFORMATION_FORMAT = dwarf;
				ENABLE_STRICT_OBJC_MSGSEND = YES;
				ENABLE_TESTABILITY = YES;
				GCC_C_LANGUAGE_STANDARD = gnu11;
				GCC_DYNAMIC_NO_PIC = NO;
				GCC_NO_COMMON_BLOCKS = YES;
				GCC_OPTIMIZATION_LEVEL = 0;
				GCC_PREPROCESSOR_DEFINITIONS = (
					"DEBUG=1",
					"$(inherited)",
				);
				GCC_WARN_64_TO_32_BIT_CONVERSION = YES;
				GCC_WARN_ABOUT_RETURN_TYPE = YES_ERROR;
				GCC_WARN_UNDECLARED_SELECTOR = YES;
				GCC_WARN_UNINITIALIZED_AUTOS = YES_AGGRESSIVE;
				GCC_WARN_UNUSED_FUNCTION = YES;
				GCC_WARN_UNUSED_VARIABLE = YES;
				IPHONEOS_DEPLOYMENT_TARGET = 15.5;
				MTL_ENABLE_DEBUG_INFO = INCLUDE_SOURCE;
				MTL_FAST_MATH = YES;
				ONLY_ACTIVE_ARCH = YES;
				SDKROOT = iphoneos;
				SWIFT_ACTIVE_COMPILATION_CONDITIONS = DEBUG;
				SWIFT_OPTIMIZATION_LEVEL = "-Onone";
			};
			name = Debug;
		};
		BC77589E283D534000A228D8 /* Release */ = {
			isa = XCBuildConfiguration;
			buildSettings = {
				ALWAYS_SEARCH_USER_PATHS = NO;
				CLANG_ANALYZER_NONNULL = YES;
				CLANG_ANALYZER_NUMBER_OBJECT_CONVERSION = YES_AGGRESSIVE;
				CLANG_CXX_LANGUAGE_STANDARD = "gnu++17";
				CLANG_ENABLE_MODULES = YES;
				CLANG_ENABLE_OBJC_ARC = YES;
				CLANG_ENABLE_OBJC_WEAK = YES;
				CLANG_WARN_BLOCK_CAPTURE_AUTORELEASING = YES;
				CLANG_WARN_BOOL_CONVERSION = YES;
				CLANG_WARN_COMMA = YES;
				CLANG_WARN_CONSTANT_CONVERSION = YES;
				CLANG_WARN_DEPRECATED_OBJC_IMPLEMENTATIONS = YES;
				CLANG_WARN_DIRECT_OBJC_ISA_USAGE = YES_ERROR;
				CLANG_WARN_DOCUMENTATION_COMMENTS = YES;
				CLANG_WARN_EMPTY_BODY = YES;
				CLANG_WARN_ENUM_CONVERSION = YES;
				CLANG_WARN_INFINITE_RECURSION = YES;
				CLANG_WARN_INT_CONVERSION = YES;
				CLANG_WARN_NON_LITERAL_NULL_CONVERSION = YES;
				CLANG_WARN_OBJC_IMPLICIT_RETAIN_SELF = YES;
				CLANG_WARN_OBJC_LITERAL_CONVERSION = YES;
				CLANG_WARN_OBJC_ROOT_CLASS = YES_ERROR;
				CLANG_WARN_QUOTED_INCLUDE_IN_FRAMEWORK_HEADER = YES;
				CLANG_WARN_RANGE_LOOP_ANALYSIS = YES;
				CLANG_WARN_STRICT_PROTOTYPES = YES;
				CLANG_WARN_SUSPICIOUS_MOVE = YES;
				CLANG_WARN_UNGUARDED_AVAILABILITY = YES_AGGRESSIVE;
				CLANG_WARN_UNREACHABLE_CODE = YES;
				CLANG_WARN__DUPLICATE_METHOD_MATCH = YES;
				COPY_PHASE_STRIP = NO;
				DEBUG_INFORMATION_FORMAT = "dwarf-with-dsym";
				ENABLE_NS_ASSERTIONS = NO;
				ENABLE_STRICT_OBJC_MSGSEND = YES;
				GCC_C_LANGUAGE_STANDARD = gnu11;
				GCC_NO_COMMON_BLOCKS = YES;
				GCC_WARN_64_TO_32_BIT_CONVERSION = YES;
				GCC_WARN_ABOUT_RETURN_TYPE = YES_ERROR;
				GCC_WARN_UNDECLARED_SELECTOR = YES;
				GCC_WARN_UNINITIALIZED_AUTOS = YES_AGGRESSIVE;
				GCC_WARN_UNUSED_FUNCTION = YES;
				GCC_WARN_UNUSED_VARIABLE = YES;
				IPHONEOS_DEPLOYMENT_TARGET = 15.5;
				MTL_ENABLE_DEBUG_INFO = NO;
				MTL_FAST_MATH = YES;
				SDKROOT = iphoneos;
				SWIFT_COMPILATION_MODE = wholemodule;
				SWIFT_OPTIMIZATION_LEVEL = "-O";
				VALIDATE_PRODUCT = YES;
			};
			name = Release;
		};
		BC7758A0283D534000A228D8 /* Debug */ = {
			isa = XCBuildConfiguration;
			buildSettings = {
				ASSETCATALOG_COMPILER_APPICON_NAME = AppIcon;
				ASSETCATALOG_COMPILER_GLOBAL_ACCENT_COLOR_NAME = AccentColor;
				CODE_SIGN_STYLE = Automatic;
				CURRENT_PROJECT_VERSION = 1;
				DEVELOPMENT_ASSET_PATHS = "\"Touchdown/Preview Content\"";
				DEVELOPMENT_TEAM = M7NG379CJ7;
				ENABLE_PREVIEWS = YES;
				GENERATE_INFOPLIST_FILE = YES;
				INFOPLIST_FILE = Touchdown/Info.plist;
				INFOPLIST_KEY_UIApplicationSceneManifest_Generation = YES;
				INFOPLIST_KEY_UIApplicationSupportsIndirectInputEvents = YES;
				INFOPLIST_KEY_UILaunchScreen_Generation = YES;
				INFOPLIST_KEY_UISupportedInterfaceOrientations = UIInterfaceOrientationPortrait;
				INFOPLIST_KEY_UISupportedInterfaceOrientations_iPad = "UIInterfaceOrientationPortrait UIInterfaceOrientationPortraitUpsideDown UIInterfaceOrientationLandscapeLeft UIInterfaceOrientationLandscapeRight";
				INFOPLIST_KEY_UISupportedInterfaceOrientations_iPhone = "UIInterfaceOrientationPortrait UIInterfaceOrientationLandscapeLeft UIInterfaceOrientationLandscapeRight";
				INFOPLIST_KEY_UIUserInterfaceStyle = Light;
				LD_RUNPATH_SEARCH_PATHS = (
					"$(inherited)",
					"@executable_path/Frameworks",
				);
				MARKETING_VERSION = 1.0;
				PRODUCT_BUNDLE_IDENTIFIER = com.lilianos.ios.Touchdown;
				PRODUCT_NAME = "$(TARGET_NAME)";
				SWIFT_EMIT_LOC_STRINGS = YES;
				SWIFT_VERSION = 5.0;
				TARGETED_DEVICE_FAMILY = "1,2";
			};
			name = Debug;
		};
		BC7758A1283D534000A228D8 /* Release */ = {
			isa = XCBuildConfiguration;
			buildSettings = {
				ASSETCATALOG_COMPILER_APPICON_NAME = AppIcon;
				ASSETCATALOG_COMPILER_GLOBAL_ACCENT_COLOR_NAME = AccentColor;
				CODE_SIGN_STYLE = Automatic;
				CURRENT_PROJECT_VERSION = 1;
				DEVELOPMENT_ASSET_PATHS = "\"Touchdown/Preview Content\"";
				DEVELOPMENT_TEAM = M7NG379CJ7;
				ENABLE_PREVIEWS = YES;
				GENERATE_INFOPLIST_FILE = YES;
				INFOPLIST_FILE = Touchdown/Info.plist;
				INFOPLIST_KEY_UIApplicationSceneManifest_Generation = YES;
				INFOPLIST_KEY_UIApplicationSupportsIndirectInputEvents = YES;
				INFOPLIST_KEY_UILaunchScreen_Generation = YES;
				INFOPLIST_KEY_UISupportedInterfaceOrientations = UIInterfaceOrientationPortrait;
				INFOPLIST_KEY_UISupportedInterfaceOrientations_iPad = "UIInterfaceOrientationPortrait UIInterfaceOrientationPortraitUpsideDown UIInterfaceOrientationLandscapeLeft UIInterfaceOrientationLandscapeRight";
				INFOPLIST_KEY_UISupportedInterfaceOrientations_iPhone = "UIInterfaceOrientationPortrait UIInterfaceOrientationLandscapeLeft UIInterfaceOrientationLandscapeRight";
				INFOPLIST_KEY_UIUserInterfaceStyle = Light;
				LD_RUNPATH_SEARCH_PATHS = (
					"$(inherited)",
					"@executable_path/Frameworks",
				);
				MARKETING_VERSION = 1.0;
				PRODUCT_BUNDLE_IDENTIFIER = com.lilianos.ios.Touchdown;
				PRODUCT_NAME = "$(TARGET_NAME)";
				SWIFT_EMIT_LOC_STRINGS = YES;
				SWIFT_VERSION = 5.0;
				TARGETED_DEVICE_FAMILY = "1,2";
			};
			name = Release;
		};
/* End XCBuildConfiguration section */

/* Begin XCConfigurationList section */
		BC77588C283D533F00A228D8 /* Build configuration list for PBXProject "Touchdown" */ = {
			isa = XCConfigurationList;
			buildConfigurations = (
				BC77589D283D534000A228D8 /* Debug */,
				BC77589E283D534000A228D8 /* Release */,
			);
			defaultConfigurationIsVisible = 0;
			defaultConfigurationName = Release;
		};
		BC77589F283D534000A228D8 /* Build configuration list for PBXNativeTarget "Touchdown" */ = {
			isa = XCConfigurationList;
			buildConfigurations = (
				BC7758A0283D534000A228D8 /* Debug */,
				BC7758A1283D534000A228D8 /* Release */,
			);
			defaultConfigurationIsVisible = 0;
			defaultConfigurationName = Release;
		};
/* End XCConfigurationList section */
	};
	rootObject = BC775889283D533F00A228D8 /* Project object */;
}
